// !$*UTF8*$!
{
	archiveVersion = 1;
	classes = {
	};
	objectVersion = 48;
	objects = {

/* Begin PBXBuildFile section */
		F315E9221F24BEC50086B6B9 /* AppDelegate.swift in Sources */ = {isa = PBXBuildFile; fileRef = F315E9211F24BEC50086B6B9 /* AppDelegate.swift */; };
		F315E9241F24BEC50086B6B9 /* ViewController.swift in Sources */ = {isa = PBXBuildFile; fileRef = F315E9231F24BEC50086B6B9 /* ViewController.swift */; };
		F315E9271F24BEC50086B6B9 /* Main.storyboard in Resources */ = {isa = PBXBuildFile; fileRef = F315E9251F24BEC50086B6B9 /* Main.storyboard */; };
		F315E9291F24BEC50086B6B9 /* Assets.xcassets in Resources */ = {isa = PBXBuildFile; fileRef = F315E9281F24BEC50086B6B9 /* Assets.xcassets */; };
		F315E92C1F24BEC50086B6B9 /* LaunchScreen.storyboard in Resources */ = {isa = PBXBuildFile; fileRef = F315E92A1F24BEC50086B6B9 /* LaunchScreen.storyboard */; };
		F315E9341F24BED30086B6B9 /* EmojiView.swift in Sources */ = {isa = PBXBuildFile; fileRef = F315E9331F24BED30086B6B9 /* EmojiView.swift */; };
/* End PBXBuildFile section */

/* Begin PBXFileReference section */
		F315E91E1F24BEC50086B6B9 /* LayerAnimation.app */ = {isa = PBXFileReference; explicitFileType = wrapper.application; includeInIndex = 0; path = LayerAnimation.app; sourceTree = BUILT_PRODUCTS_DIR; };
		F315E9211F24BEC50086B6B9 /* AppDelegate.swift */ = {isa = PBXFileReference; lastKnownFileType = sourcecode.swift; path = AppDelegate.swift; sourceTree = "<group>"; };
		F315E9231F24BEC50086B6B9 /* ViewController.swift */ = {isa = PBXFileReference; lastKnownFileType = sourcecode.swift; path = ViewController.swift; sourceTree = "<group>"; };
		F315E9261F24BEC50086B6B9 /* Base */ = {isa = PBXFileReference; lastKnownFileType = file.storyboard; name = Base; path = Base.lproj/Main.storyboard; sourceTree = "<group>"; };
		F315E9281F24BEC50086B6B9 /* Assets.xcassets */ = {isa = PBXFileReference; lastKnownFileType = folder.assetcatalog; path = Assets.xcassets; sourceTree = "<group>"; };
		F315E92B1F24BEC50086B6B9 /* Base */ = {isa = PBXFileReference; lastKnownFileType = file.storyboard; name = Base; path = Base.lproj/LaunchScreen.storyboard; sourceTree = "<group>"; };
		F315E92D1F24BEC50086B6B9 /* Info.plist */ = {isa = PBXFileReference; lastKnownFileType = text.plist.xml; path = Info.plist; sourceTree = "<group>"; };
		F315E9331F24BED30086B6B9 /* EmojiView.swift */ = {isa = PBXFileReference; lastKnownFileType = sourcecode.swift; path = EmojiView.swift; sourceTree = "<group>"; };
/* End PBXFileReference section */

/* Begin PBXFrameworksBuildPhase section */
		F315E91B1F24BEC50086B6B9 /* Frameworks */ = {
			isa = PBXFrameworksBuildPhase;
			buildActionMask = 2147483647;
			files = (
			);
			runOnlyForDeploymentPostprocessing = 0;
		};
/* End PBXFrameworksBuildPhase section */

/* Begin PBXGroup section */
		F315E9151F24BEC50086B6B9 = {
			isa = PBXGroup;
			children = (
				F315E9201F24BEC50086B6B9 /* LayerAnimation */,
				F315E91F1F24BEC50086B6B9 /* Products */,
			);
			sourceTree = "<group>";
		};
		F315E91F1F24BEC50086B6B9 /* Products */ = {
			isa = PBXGroup;
			children = (
				F315E91E1F24BEC50086B6B9 /* LayerAnimation.app */,
			);
			name = Products;
			sourceTree = "<group>";
		};
		F315E9201F24BEC50086B6B9 /* LayerAnimation */ = {
			isa = PBXGroup;
			children = (
				F315E9211F24BEC50086B6B9 /* AppDelegate.swift */,
				F315E9231F24BEC50086B6B9 /* ViewController.swift */,
				F315E9331F24BED30086B6B9 /* EmojiView.swift */,
				F315E9251F24BEC50086B6B9 /* Main.storyboard */,
				F315E9281F24BEC50086B6B9 /* Assets.xcassets */,
				F315E92A1F24BEC50086B6B9 /* LaunchScreen.storyboard */,
				F315E92D1F24BEC50086B6B9 /* Info.plist */,
			);
			path = LayerAnimation;
			sourceTree = "<group>";
		};
/* End PBXGroup section */

/* Begin PBXNativeTarget section */
		F315E91D1F24BEC50086B6B9 /* LayerAnimation */ = {
			isa = PBXNativeTarget;
			buildConfigurationList = F315E9301F24BEC50086B6B9 /* Build configuration list for PBXNativeTarget "LayerAnimation" */;
			buildPhases = (
				F315E91A1F24BEC50086B6B9 /* Sources */,
				F315E91B1F24BEC50086B6B9 /* Frameworks */,
				F315E91C1F24BEC50086B6B9 /* Resources */,
			);
			buildRules = (
			);
			dependencies = (
			);
			name = LayerAnimation;
			productName = LayerAnimation;
			productReference = F315E91E1F24BEC50086B6B9 /* LayerAnimation.app */;
			productType = "com.apple.product-type.application";
		};
/* End PBXNativeTarget section */

/* Begin PBXProject section */
		F315E9161F24BEC50086B6B9 /* Project object */ = {
			isa = PBXProject;
			attributes = {
				LastSwiftUpdateCheck = 0900;
				LastUpgradeCheck = 0900;
				ORGANIZATIONNAME = "郑宇琦";
				TargetAttributes = {
					F315E91D1F24BEC50086B6B9 = {
						CreatedOnToolsVersion = 9.0;
					};
				};
			};
			buildConfigurationList = F315E9191F24BEC50086B6B9 /* Build configuration list for PBXProject "LayerAnimation" */;
			compatibilityVersion = "Xcode 8.0";
			developmentRegion = en;
			hasScannedForEncodings = 0;
			knownRegions = (
				en,
				Base,
			);
			mainGroup = F315E9151F24BEC50086B6B9;
			productRefGroup = F315E91F1F24BEC50086B6B9 /* Products */;
			projectDirPath = "";
			projectRoot = "";
			targets = (
				F315E91D1F24BEC50086B6B9 /* LayerAnimation */,
			);
		};
/* End PBXProject section */

/* Begin PBXResourcesBuildPhase section */
		F315E91C1F24BEC50086B6B9 /* Resources */ = {
			isa = PBXResourcesBuildPhase;
			buildActionMask = 2147483647;
			files = (
				F315E92C1F24BEC50086B6B9 /* LaunchScreen.storyboard in Resources */,
				F315E9291F24BEC50086B6B9 /* Assets.xcassets in Resources */,
				F315E9271F24BEC50086B6B9 /* Main.storyboard in Resources */,
			);
			runOnlyForDeploymentPostprocessing = 0;
		};
/* End PBXResourcesBuildPhase section */

/* Begin PBXSourcesBuildPhase section */
		F315E91A1F24BEC50086B6B9 /* Sources */ = {
			isa = PBXSourcesBuildPhase;
			buildActionMask = 2147483647;
			files = (
				F315E9241F24BEC50086B6B9 /* ViewController.swift in Sources */,
				F315E9221F24BEC50086B6B9 /* AppDelegate.swift in Sources */,
				F315E9341F24BED30086B6B9 /* EmojiView.swift in Sources */,
			);
			runOnlyForDeploymentPostprocessing = 0;
		};
/* End PBXSourcesBuildPhase section */

/* Begin PBXVariantGroup section */
		F315E9251F24BEC50086B6B9 /* Main.storyboard */ = {
			isa = PBXVariantGroup;
			children = (
				F315E9261F24BEC50086B6B9 /* Base */,
			);
			name = Main.storyboard;
			sourceTree = "<group>";
		};
		F315E92A1F24BEC50086B6B9 /* LaunchScreen.storyboard */ = {
			isa = PBXVariantGroup;
			children = (
				F315E92B1F24BEC50086B6B9 /* Base */,
			);
			name = LaunchScreen.storyboard;
			sourceTree = "<group>";
		};
/* End PBXVariantGroup section */

/* Begin XCBuildConfiguration section */
		F315E92E1F24BEC50086B6B9 /* Debug */ = {
			isa = XCBuildConfiguration;
			buildSettings = {
				ALWAYS_SEARCH_USER_PATHS = NO;
				CLANG_ANALYZER_NONNULL = YES;
				CLANG_ANALYZER_NUMBER_OBJECT_CONVERSION = YES_AGGRESSIVE;
				CLANG_CXX_LANGUAGE_STANDARD = "gnu++14";
				CLANG_CXX_LIBRARY = "libc++";
				CLANG_ENABLE_MODULES = YES;
				CLANG_ENABLE_OBJC_ARC = YES;
				CLANG_WARN_BLOCK_CAPTURE_AUTORELEASING = YES;
				CLANG_WARN_BOOL_CONVERSION = YES;
				CLANG_WARN_COMMA = YES;
				CLANG_WARN_CONSTANT_CONVERSION = YES;
				CLANG_WARN_DIRECT_OBJC_ISA_USAGE = YES_ERROR;
				CLANG_WARN_DOCUMENTATION_COMMENTS = YES;
				CLANG_WARN_EMPTY_BODY = YES;
				CLANG_WARN_ENUM_CONVERSION = YES;
				CLANG_WARN_INFINITE_RECURSION = YES;
				CLANG_WARN_INT_CONVERSION = YES;
				CLANG_WARN_NON_LITERAL_NULL_CONVERSION = YES;
				CLANG_WARN_OBJC_LITERAL_CONVERSION = YES;
				CLANG_WARN_OBJC_ROOT_CLASS = YES_ERROR;
				CLANG_WARN_RANGE_LOOP_ANALYSIS = YES;
				CLANG_WARN_STRICT_PROTOTYPES = YES;
				CLANG_WARN_SUSPICIOUS_MOVE = YES;
				CLANG_WARN_UNGUARDED_AVAILABILITY = YES_AGGRESSIVE;
				CLANG_WARN_UNREACHABLE_CODE = YES;
				CLANG_WARN__DUPLICATE_METHOD_MATCH = YES;
				CODE_SIGN_IDENTITY = "iPhone Developer";
				COPY_PHASE_STRIP = NO;
				DEBUG_INFORMATION_FORMAT = dwarf;
				ENABLE_STRICT_OBJC_MSGSEND = YES;
				ENABLE_TESTABILITY = YES;
				GCC_C_LANGUAGE_STANDARD = gnu11;
				GCC_DYNAMIC_NO_PIC = NO;
				GCC_NO_COMMON_BLOCKS = YES;
				GCC_OPTIMIZATION_LEVEL = 0;
				GCC_PREPROCESSOR_DEFINITIONS = (
					"DEBUG=1",
					"$(inherited)",
				);
				GCC_WARN_64_TO_32_BIT_CONVERSION = YES;
				GCC_WARN_ABOUT_RETURN_TYPE = YES_ERROR;
				GCC_WARN_UNDECLARED_SELECTOR = YES;
				GCC_WARN_UNINITIALIZED_AUTOS = YES_AGGRESSIVE;
				GCC_WARN_UNUSED_FUNCTION = YES;
				GCC_WARN_UNUSED_VARIABLE = YES;
				IPHONEOS_DEPLOYMENT_TARGET = 11.0;
				MTL_ENABLE_DEBUG_INFO = YES;
				ONLY_ACTIVE_ARCH = YES;
				SDKROOT = iphoneos;
				SWIFT_ACTIVE_COMPILATION_CONDITIONS = DEBUG;
				SWIFT_OPTIMIZATION_LEVEL = "-Onone";
			};
			name = Debug;
		};
		F315E92F1F24BEC50086B6B9 /* Release */ = {
			isa = XCBuildConfiguration;
			buildSettings = {
				ALWAYS_SEARCH_USER_PATHS = NO;
				CLANG_ANALYZER_NONNULL = YES;
				CLANG_ANALYZER_NUMBER_OBJECT_CONVERSION = YES_AGGRESSIVE;
				CLANG_CXX_LANGUAGE_STANDARD = "gnu++14";
				CLANG_CXX_LIBRARY = "libc++";
				CLANG_ENABLE_MODULES = YES;
				CLANG_ENABLE_OBJC_ARC = YES;
				CLANG_WARN_BLOCK_CAPTURE_AUTORELEASING = YES;
				CLANG_WARN_BOOL_CONVERSION = YES;
				CLANG_WARN_COMMA = YES;
				CLANG_WARN_CONSTANT_CONVERSION = YES;
				CLANG_WARN_DIRECT_OBJC_ISA_USAGE = YES_ERROR;
				CLANG_WARN_DOCUMENTATION_COMMENTS = YES;
				CLANG_WARN_EMPTY_BODY = YES;
				CLANG_WARN_ENUM_CONVERSION = YES;
				CLANG_WARN_INFINITE_RECURSION = YES;
				CLANG_WARN_INT_CONVERSION = YES;
				CLANG_WARN_NON_LITERAL_NULL_CONVERSION = YES;
				CLANG_WARN_OBJC_LITERAL_CONVERSION = YES;
				CLANG_WARN_OBJC_ROOT_CLASS = YES_ERROR;
				CLANG_WARN_RANGE_LOOP_ANALYSIS = YES;
				CLANG_WARN_STRICT_PROTOTYPES = YES;
				CLANG_WARN_SUSPICIOUS_MOVE = YES;
				CLANG_WARN_UNGUARDED_AVAILABILITY = YES_AGGRESSIVE;
				CLANG_WARN_UNREACHABLE_CODE = YES;
				CLANG_WARN__DUPLICATE_METHOD_MATCH = YES;
				CODE_SIGN_IDENTITY = "iPhone Developer";
				COPY_PHASE_STRIP = NO;
				DEBUG_INFORMATION_FORMAT = "dwarf-with-dsym";
				ENABLE_NS_ASSERTIONS = NO;
				ENABLE_STRICT_OBJC_MSGSEND = YES;
				GCC_C_LANGUAGE_STANDARD = gnu11;
				GCC_NO_COMMON_BLOCKS = YES;
				GCC_WARN_64_TO_32_BIT_CONVERSION = YES;
				GCC_WARN_ABOUT_RETURN_TYPE = YES_ERROR;
				GCC_WARN_UNDECLARED_SELECTOR = YES;
				GCC_WARN_UNINITIALIZED_AUTOS = YES_AGGRESSIVE;
				GCC_WARN_UNUSED_FUNCTION = YES;
				GCC_WARN_UNUSED_VARIABLE = YES;
				IPHONEOS_DEPLOYMENT_TARGET = 11.0;
				MTL_ENABLE_DEBUG_INFO = NO;
				SDKROOT = iphoneos;
				SWIFT_OPTIMIZATION_LEVEL = "-Owholemodule";
				VALIDATE_PRODUCT = YES;
			};
			name = Release;
		};
		F315E9311F24BEC50086B6B9 /* Debug */ = {
			isa = XCBuildConfiguration;
			buildSettings = {
				ASSETCATALOG_COMPILER_APPICON_NAME = AppIcon;
				DEVELOPMENT_TEAM = 4TF3NHEU2R;
				INFOPLIST_FILE = LayerAnimation/Info.plist;
				LD_RUNPATH_SEARCH_PATHS = "$(inherited) @executable_path/Frameworks";
				PRODUCT_BUNDLE_IDENTIFIER = enum.LayerAnimation;
				PRODUCT_NAME = "$(TARGET_NAME)";
				SWIFT_VERSION = 4.0;
				TARGETED_DEVICE_FAMILY = "1,2";
			};
			name = Debug;
		};
		F315E9321F24BEC50086B6B9 /* Release */ = {
			isa = XCBuildConfiguration;
			buildSettings = {
				ASSETCATALOG_COMPILER_APPICON_NAME = AppIcon;
				DEVELOPMENT_TEAM = 4TF3NHEU2R;
				INFOPLIST_FILE = LayerAnimation/Info.plist;
				LD_RUNPATH_SEARCH_PATHS = "$(inherited) @executable_path/Frameworks";
				PRODUCT_BUNDLE_IDENTIFIER = enum.LayerAnimation;
				PRODUCT_NAME = "$(TARGET_NAME)";
				SWIFT_VERSION = 4.0;
				TARGETED_DEVICE_FAMILY = "1,2";
			};
			name = Release;
		};
/* End XCBuildConfiguration section */

/* Begin XCConfigurationList section */
		F315E9191F24BEC50086B6B9 /* Build configuration list for PBXProject "LayerAnimation" */ = {
			isa = XCConfigurationList;
			buildConfigurations = (
				F315E92E1F24BEC50086B6B9 /* Debug */,
				F315E92F1F24BEC50086B6B9 /* Release */,
			);
			defaultConfigurationIsVisible = 0;
			defaultConfigurationName = Release;
		};
		F315E9301F24BEC50086B6B9 /* Build configuration list for PBXNativeTarget "LayerAnimation" */ = {
			isa = XCConfigurationList;
			buildConfigurations = (
				F315E9311F24BEC50086B6B9 /* Debug */,
				F315E9321F24BEC50086B6B9 /* Release */,
			);
			defaultConfigurationIsVisible = 0;
			defaultConfigurationName = Release;
		};
/* End XCConfigurationList section */
	};
	rootObject = F315E9161F24BEC50086B6B9 /* Project object */;
}
